# This file is autogenerated, do not edit; changes may be undone by the next 'dep ensure'.


[[projects]]
  name = "github.com/cenkalti/backoff"
  packages = ["."]
  revision = "61153c768f31ee5f130071d08fc82b85208528de"
  version = "v1.1.0"

[[projects]]
  name = "github.com/gorilla/websocket"
  packages = ["."]
  revision = "ea4d1f681babbce9545c9c5f3d5194a789c89f5b"
  version = "v1.2.0"

[[projects]]
  branch = "master"
  name = "github.com/hashicorp/errwrap"
  packages = ["."]
  revision = "7554cd9344cec97297fa6649b055a8c98c2a1e55"

[[projects]]
  branch = "master"
  name = "github.com/hashicorp/go-multierror"
  packages = ["."]
  revision = "83588e72410abfbe4df460eeb6f30841ae47d4c4"

[[projects]]
  name = "github.com/mafredri/cdp"
  packages = [".","devtool","protocol","protocol/accessibility","protocol/animation","protocol/applicationcache","protocol/audits","protocol/browser","protocol/cachestorage","protocol/console","protocol/css","protocol/database","protocol/debugger","protocol/deviceorientation","protocol/dom","protocol/domdebugger","protocol/domsnapshot","protocol/domstorage","protocol/emulation","protocol/headlessexperimental","protocol/heapprofiler","protocol/indexeddb","protocol/input","protocol/inspector","protocol/internal","protocol/io","protocol/layertree","protocol/log","protocol/memory","protocol/network","protocol/overlay","protocol/page","protocol/performance","protocol/profiler","protocol/runtime","protocol/schema","protocol/security","protocol/serviceworker","protocol/storage","protocol/systeminfo","protocol/target","protocol/tethering","protocol/tracing","rpcc"]
  revision = "c3ead3b01b7137201a0cca6ae7600ee7d1d50584"
  version = "v0.14.1"

[[projects]]
  name = "github.com/mattn/go-sqlite3"
  packages = ["."]
  revision = "ed69081a91fd053f17672236b0dd52ba7485e1a3"
  version = "v1.4.0"

[[projects]]
  name = "github.com/urfave/cli"
  packages = ["."]
  revision = "cfb38830724cc34fedffe9a2a29fb54fa9169cd1"
  version = "v1.20.0"

[[projects]]
  branch = "master"
  name = "golang.org/x/net"
  packages = ["context"]
  revision = "9dfe39835686865bff950a07b394c12a98ddc811"

[solve-meta]
  analyzer-name = "dep"
  analyzer-version = 1
  inputs-digest = "0518ddfe8ea537b1b3040ce6b58350bd14570bf0dd71967333b2b0f551c69488"
  solver-name = "gps-cdcl"
  solver-version = 1
